
Microsoft Visual Studio Solution File, Format Version 12.00
# Visual Studio Version 16
VisualStudioVersion = 16.0.29215.179
MinimumVisualStudioVersion = 10.0.40219.1
Project("{FAE04EC0-301F-11D3-BF4B-00C04F79EFBC}") = "csharpguitar-aci", "csharpguitar-aci\csharpguitar-aci.csproj", "{CEBD9D71-6367-49C1-8B3D-9A740328EE69}"
EndProject
Global
	GlobalSection(SolutionConfigurationPlatforms) = preSolution
		Debug|Any CPU = Debug|Any CPU
		Release|Any CPU = Release|Any CPU
	EndGlobalSection
	GlobalSection(ProjectConfigurationPlatforms) = postSolution
		{CEBD9D71-6367-49C1-8B3D-9A740328EE69}.Debug|Any CPU.ActiveCfg = Debug|Any CPU
		{CEBD9D71-6367-49C1-8B3D-9A740328EE69}.Debug|Any CPU.Build.0 = Debug|Any CPU
		{CEBD9D71-6367-49C1-8B3D-9A740328EE69}.Release|Any CPU.ActiveCfg = Release|Any CPU
		{CEBD9D71-6367-49C1-8B3D-9A740328EE69}.Release|Any CPU.Build.0 = Release|Any CPU
	EndGlobalSection
	GlobalSection(SolutionProperties) = preSolution
		HideSolutionNode = FALSE
	EndGlobalSection
	GlobalSection(ExtensibilityGlobals) = postSolution
		SolutionGuid = {6CECB248-660E-49BE-ACF5-226A0D0AFF3C}
	EndGlobalSection
EndGlobal
